<Solution>
  <Folder Name="/Common/">
    <Project Path="Common/Common.Aplication/Common.Aplication.csproj" Id="b09ed1ab-f128-473a-bf7f-3a409d5c2ee4" />
    <Project Path="Common/Common.Domain/Common.Domain.csproj" />
    <Project Path="Common/Common.Query/Common.Query.csproj" Id="68215355-5a59-4306-a4b1-2333d5beaf57" />
  </Folder>
  <Folder Name="/Shop/">
    <Project Path="Shop.Application/Shop.Application.csproj" />
    <Project Path="Shop.Domain/Shop.Domain.csproj" />
    <Project Path="Shop.Infrastructure/Shop.Infrastructure.csproj" />
    <Project Path="Shop.Presentation.Facade/Shop.Presentation.Facade.csproj" />
    <Project Path="Shop.Query/Shop.Query.csproj" />
    <Project Path="Shop/Shop.Config/Shop.Config.csproj" Id="b403079e-3c99-4ac2-831a-ab596b0742fc" />
  </Folder>
  <Folder Name="/Shop/EndPoints/">
    <Project Path="Shop/EndPoints/Shop.Api/Shop.Api.csproj" Id="e8787b7b-eeb4-4bf2-80e4-421024cf81c5" />
  </Folder>
</Solution>
